
Microsoft Visual Studio Solution File, Format Version 12.00
Project("{FAE04EC0-301F-11D3-BF4B-00C04F79EFBC}") = "Solution6", "Solution6\Solution6.csproj", "{CEB952DE-EF6E-4CDF-AE64-874FAB41770F}"
EndProject
Global
	GlobalSection(SolutionConfigurationPlatforms) = preSolution
		Debug|Any CPU = Debug|Any CPU
		Release|Any CPU = Release|Any CPU
	EndGlobalSection
	GlobalSection(ProjectConfigurationPlatforms) = postSolution
		{CEB952DE-EF6E-4CDF-AE64-874FAB41770F}.Debug|Any CPU.ActiveCfg = Debug|Any CPU
		{CEB952DE-EF6E-4CDF-AE64-874FAB41770F}.Debug|Any CPU.Build.0 = Debug|Any CPU
		{CEB952DE-EF6E-4CDF-AE64-874FAB41770F}.Release|Any CPU.ActiveCfg = Release|Any CPU
		{CEB952DE-EF6E-4CDF-AE64-874FAB41770F}.Release|Any CPU.Build.0 = Release|Any CPU
	EndGlobalSection
EndGlobal
